
Microsoft Visual Studio Solution File, Format Version 12.00
# Visual Studio Version 16
VisualStudioVersion = 16.0.808.5
MinimumVisualStudioVersion = 10.0.40219.1
Project("{FAE04EC0-301F-11D3-BF4B-00C04F79EFBC}") = "Frogger", "Frogger.csproj", "{94344829-BAA0-4F74-ADDC-3758636F2223}"
EndProject
Global
	GlobalSection(SolutionConfigurationPlatforms) = preSolution
		Debug|Any CPU = Debug|Any CPU
		Release|Any CPU = Release|Any CPU
	EndGlobalSection
	GlobalSection(ProjectConfigurationPlatforms) = postSolution
		{94344829-BAA0-4F74-ADDC-3758636F2223}.Debug|Any CPU.ActiveCfg = Debug|Any CPU
		{94344829-BAA0-4F74-ADDC-3758636F2223}.Debug|Any CPU.Build.0 = Debug|Any CPU
		{94344829-BAA0-4F74-ADDC-3758636F2223}.Release|Any CPU.ActiveCfg = Release|Any CPU
		{94344829-BAA0-4F74-ADDC-3758636F2223}.Release|Any CPU.Build.0 = Release|Any CPU
	EndGlobalSection
	GlobalSection(SolutionProperties) = preSolution
		HideSolutionNode = FALSE
	EndGlobalSection
	GlobalSection(ExtensibilityGlobals) = postSolution
		SolutionGuid = {F15A7223-A8C1-4741-A2A4-07568AD141B9}
	EndGlobalSection
EndGlobal
